
Microsoft Visual Studio Solution File, Format Version 12.00
Project("{FAE04EC0-301F-11D3-BF4B-00C04F79EFBC}") = "MailMerge.OoXml", "MailMerge.OoXml\MailMerge.OoXml.csproj", "{7F098373-9BEB-410B-B73C-4CBF63D1BC1A}"
EndProject
Project("{FAE04EC0-301F-11D3-BF4B-00C04F79EFBC}") = "MailMerge.OoXml.Tests", "MailMerge.OoXml.Tests\MailMerge.OoXml.Tests.csproj", "{9EC8A6BB-B112-4237-BB0F-0BBCB0CFF00C}"
EndProject
Global
	GlobalSection(SolutionConfigurationPlatforms) = preSolution
		Debug|Any CPU = Debug|Any CPU
		Release|Any CPU = Release|Any CPU
	EndGlobalSection
	GlobalSection(ProjectConfigurationPlatforms) = postSolution
		{7F098373-9BEB-410B-B73C-4CBF63D1BC1A}.Debug|Any CPU.ActiveCfg = Debug|Any CPU
		{7F098373-9BEB-410B-B73C-4CBF63D1BC1A}.Debug|Any CPU.Build.0 = Debug|Any CPU
		{7F098373-9BEB-410B-B73C-4CBF63D1BC1A}.Release|Any CPU.ActiveCfg = Release|Any CPU
		{7F098373-9BEB-410B-B73C-4CBF63D1BC1A}.Release|Any CPU.Build.0 = Release|Any CPU
		{9EC8A6BB-B112-4237-BB0F-0BBCB0CFF00C}.Debug|Any CPU.ActiveCfg = Debug|Any CPU
		{9EC8A6BB-B112-4237-BB0F-0BBCB0CFF00C}.Debug|Any CPU.Build.0 = Debug|Any CPU
		{9EC8A6BB-B112-4237-BB0F-0BBCB0CFF00C}.Release|Any CPU.ActiveCfg = Release|Any CPU
		{9EC8A6BB-B112-4237-BB0F-0BBCB0CFF00C}.Release|Any CPU.Build.0 = Release|Any CPU
	EndGlobalSection
EndGlobal
